
Microsoft Visual Studio Solution File, Format Version 12.00
# Visual Studio 15
VisualStudioVersion = 15.0.27703.2047
MinimumVisualStudioVersion = 10.0.40219.1
Project("{FAE04EC0-301F-11D3-BF4B-00C04F79EFBC}") = "DemoTest.Android", "DemoTest\DemoTest.Android\DemoTest.Android.csproj", "{4F7DC0CE-9020-40B0-A078-362ADA438D0F}"
EndProject
Project("{FAE04EC0-301F-11D3-BF4B-00C04F79EFBC}") = "DemoTest", "DemoTest\DemoTest\DemoTest.csproj", "{4A4B253D-0F35-49ED-A81F-8AA6BAE6F56A}"
EndProject
Global
	GlobalSection(SolutionConfigurationPlatforms) = preSolution
		Debug|Any CPU = Debug|Any CPU
		Release|Any CPU = Release|Any CPU
	EndGlobalSection
	GlobalSection(ProjectConfigurationPlatforms) = postSolution
		{4F7DC0CE-9020-40B0-A078-362ADA438D0F}.Debug|Any CPU.ActiveCfg = Debug|Any CPU
		{4F7DC0CE-9020-40B0-A078-362ADA438D0F}.Debug|Any CPU.Build.0 = Debug|Any CPU
		{4F7DC0CE-9020-40B0-A078-362ADA438D0F}.Debug|Any CPU.Deploy.0 = Debug|Any CPU
		{4F7DC0CE-9020-40B0-A078-362ADA438D0F}.Release|Any CPU.ActiveCfg = Release|Any CPU
		{4F7DC0CE-9020-40B0-A078-362ADA438D0F}.Release|Any CPU.Build.0 = Release|Any CPU
		{4F7DC0CE-9020-40B0-A078-362ADA438D0F}.Release|Any CPU.Deploy.0 = Release|Any CPU
		{4A4B253D-0F35-49ED-A81F-8AA6BAE6F56A}.Debug|Any CPU.ActiveCfg = Debug|Any CPU
		{4A4B253D-0F35-49ED-A81F-8AA6BAE6F56A}.Debug|Any CPU.Build.0 = Debug|Any CPU
		{4A4B253D-0F35-49ED-A81F-8AA6BAE6F56A}.Debug|Any CPU.Deploy.0 = Debug|Any CPU
		{4A4B253D-0F35-49ED-A81F-8AA6BAE6F56A}.Release|Any CPU.ActiveCfg = Release|Any CPU
		{4A4B253D-0F35-49ED-A81F-8AA6BAE6F56A}.Release|Any CPU.Build.0 = Release|Any CPU
		{4A4B253D-0F35-49ED-A81F-8AA6BAE6F56A}.Release|Any CPU.Deploy.0 = Release|Any CPU
	EndGlobalSection
	GlobalSection(SolutionProperties) = preSolution
		HideSolutionNode = FALSE
	EndGlobalSection
	GlobalSection(ExtensibilityGlobals) = postSolution
		SolutionGuid = {83C0E5A9-34BE-451D-82A4-F98DE3BFB149}
	EndGlobalSection
EndGlobal
